
Microsoft Visual Studio Solution File, Format Version 12.00
# Visual Studio 15
VisualStudioVersion = 15.0.28307.329
MinimumVisualStudioVersion = 10.0.40219.1
Project("{FAE04EC0-301F-11D3-BF4B-00C04F79EFBC}") = "TransportServices", "TransportServices\TransportServices.csproj", "{E03ECE25-5729-4676-A215-6B95785D6AC2}"
EndProject
Global
	GlobalSection(SolutionConfigurationPlatforms) = preSolution
		Debug|Any CPU = Debug|Any CPU
		Release|Any CPU = Release|Any CPU
	EndGlobalSection
	GlobalSection(ProjectConfigurationPlatforms) = postSolution
		{E03ECE25-5729-4676-A215-6B95785D6AC2}.Debug|Any CPU.ActiveCfg = Debug|Any CPU
		{E03ECE25-5729-4676-A215-6B95785D6AC2}.Debug|Any CPU.Build.0 = Debug|Any CPU
		{E03ECE25-5729-4676-A215-6B95785D6AC2}.Release|Any CPU.ActiveCfg = Release|Any CPU
		{E03ECE25-5729-4676-A215-6B95785D6AC2}.Release|Any CPU.Build.0 = Release|Any CPU
	EndGlobalSection
	GlobalSection(SolutionProperties) = preSolution
		HideSolutionNode = FALSE
	EndGlobalSection
	GlobalSection(ExtensibilityGlobals) = postSolution
		SolutionGuid = {342DA298-1395-419C-ABA2-C0964BFDE815}
	EndGlobalSection
EndGlobal
